// !$*UTF8*$!
{
	archiveVersion = 1;
	classes = {
	};
	objectVersion = 52;
	objects = {

/* Begin PBXBuildFile section */
		C8171A5F24EEB218002020E4 /* SwiftlySearch in Frameworks */ = {isa = PBXBuildFile; productRef = C8171A5E24EEB218002020E4 /* SwiftlySearch */; };
		C8171A6224EFB366002020E4 /* FilterView.swift in Sources */ = {isa = PBXBuildFile; fileRef = C8171A6124EFB366002020E4 /* FilterView.swift */; };
		C8171A6424EFB9C7002020E4 /* TagCloud.swift in Sources */ = {isa = PBXBuildFile; fileRef = C8171A6324EFB9C7002020E4 /* TagCloud.swift */; };
		C8171A6924F527F3002020E4 /* TagItem.swift in Sources */ = {isa = PBXBuildFile; fileRef = C8171A6824F527F3002020E4 /* TagItem.swift */; };
		C8171A6B24F52831002020E4 /* TagHolder.swift in Sources */ = {isa = PBXBuildFile; fileRef = C8171A6A24F52831002020E4 /* TagHolder.swift */; };
		C8171A6D24F528CF002020E4 /* FilterViewModel.swift in Sources */ = {isa = PBXBuildFile; fileRef = C8171A6C24F528CF002020E4 /* FilterViewModel.swift */; };
		C8799F1424ED400900A4AA8C /* AppDelegate.swift in Sources */ = {isa = PBXBuildFile; fileRef = C8799F1324ED400900A4AA8C /* AppDelegate.swift */; };
		C8799F1624ED400900A4AA8C /* SceneDelegate.swift in Sources */ = {isa = PBXBuildFile; fileRef = C8799F1524ED400900A4AA8C /* SceneDelegate.swift */; };
		C8799F1824ED400900A4AA8C /* ContentView.swift in Sources */ = {isa = PBXBuildFile; fileRef = C8799F1724ED400900A4AA8C /* ContentView.swift */; };
		C8799F1A24ED400A00A4AA8C /* Assets.xcassets in Resources */ = {isa = PBXBuildFile; fileRef = C8799F1924ED400A00A4AA8C /* Assets.xcassets */; };
		C8799F1D24ED400A00A4AA8C /* Preview Assets.xcassets in Resources */ = {isa = PBXBuildFile; fileRef = C8799F1C24ED400A00A4AA8C /* Preview Assets.xcassets */; };
		C8799F2024ED400A00A4AA8C /* LaunchScreen.storyboard in Resources */ = {isa = PBXBuildFile; fileRef = C8799F1E24ED400A00A4AA8C /* LaunchScreen.storyboard */; };
		C8799F2B24ED400A00A4AA8C /* catsTests.swift in Sources */ = {isa = PBXBuildFile; fileRef = C8799F2A24ED400A00A4AA8C /* catsTests.swift */; };
		C8799F3624ED400A00A4AA8C /* catsUITests.swift in Sources */ = {isa = PBXBuildFile; fileRef = C8799F3524ED400A00A4AA8C /* catsUITests.swift */; };
		C8799F4524ED41A400A4AA8C /* Breed.swift in Sources */ = {isa = PBXBuildFile; fileRef = C8799F4424ED41A400A4AA8C /* Breed.swift */; };
		C8799F5824ED4E9C00A4AA8C /* keys.plist in Resources */ = {isa = PBXBuildFile; fileRef = C8799F5724ED4E9C00A4AA8C /* keys.plist */; };
		C8799F5B24ED4F1C00A4AA8C /* ApiKeyService.swift in Sources */ = {isa = PBXBuildFile; fileRef = C8799F5A24ED4F1C00A4AA8C /* ApiKeyService.swift */; };
		C8799F5E24ED509100A4AA8C /* BreedWebRepository.swift in Sources */ = {isa = PBXBuildFile; fileRef = C8799F5D24ED509100A4AA8C /* BreedWebRepository.swift */; };
		C8799F6124ED529600A4AA8C /* APICall.swift in Sources */ = {isa = PBXBuildFile; fileRef = C8799F6024ED529600A4AA8C /* APICall.swift */; };
		C8799F6724ED5D6300A4AA8C /* BreedOverviewViewModel.swift in Sources */ = {isa = PBXBuildFile; fileRef = C8799F6624ED5D6300A4AA8C /* BreedOverviewViewModel.swift */; };
		C8799F6A24ED930E00A4AA8C /* BreedViewModel.swift in Sources */ = {isa = PBXBuildFile; fileRef = C8799F6924ED930E00A4AA8C /* BreedViewModel.swift */; };
		C8799F6D24ED992200A4AA8C /* BlurView.swift in Sources */ = {isa = PBXBuildFile; fileRef = C8799F6C24ED992200A4AA8C /* BlurView.swift */; };
		C8799F6F24ED99ED00A4AA8C /* CornerRadius.swift in Sources */ = {isa = PBXBuildFile; fileRef = C8799F6E24ED99ED00A4AA8C /* CornerRadius.swift */; };
		C8799F7124EDA16F00A4AA8C /* Color.xcassets in Resources */ = {isa = PBXBuildFile; fileRef = C8799F7024EDA16F00A4AA8C /* Color.xcassets */; };
		C8799F7324EDA27300A4AA8C /* ColorExtension.swift in Sources */ = {isa = PBXBuildFile; fileRef = C8799F7224EDA27300A4AA8C /* ColorExtension.swift */; };
/* End PBXBuildFile section */

/* Begin PBXContainerItemProxy section */
		C8799F2724ED400A00A4AA8C /* PBXContainerItemProxy */ = {
			isa = PBXContainerItemProxy;
			containerPortal = C8799F0824ED400900A4AA8C /* Project object */;
			proxyType = 1;
			remoteGlobalIDString = C8799F0F24ED400900A4AA8C;
			remoteInfo = cats;
		};
		C8799F3224ED400A00A4AA8C /* PBXContainerItemProxy */ = {
			isa = PBXContainerItemProxy;
			containerPortal = C8799F0824ED400900A4AA8C /* Project object */;
			proxyType = 1;
			remoteGlobalIDString = C8799F0F24ED400900A4AA8C;
			remoteInfo = cats;
		};
/* End PBXContainerItemProxy section */

/* Begin PBXFileReference section */
		C8171A6124EFB366002020E4 /* FilterView.swift */ = {isa = PBXFileReference; lastKnownFileType = sourcecode.swift; path = FilterView.swift; sourceTree = "<group>"; };
		C8171A6324EFB9C7002020E4 /* TagCloud.swift */ = {isa = PBXFileReference; lastKnownFileType = sourcecode.swift; path = TagCloud.swift; sourceTree = "<group>"; };
		C8171A6824F527F3002020E4 /* TagItem.swift */ = {isa = PBXFileReference; lastKnownFileType = sourcecode.swift; path = TagItem.swift; sourceTree = "<group>"; };
		C8171A6A24F52831002020E4 /* TagHolder.swift */ = {isa = PBXFileReference; lastKnownFileType = sourcecode.swift; path = TagHolder.swift; sourceTree = "<group>"; };
		C8171A6C24F528CF002020E4 /* FilterViewModel.swift */ = {isa = PBXFileReference; lastKnownFileType = sourcecode.swift; path = FilterViewModel.swift; sourceTree = "<group>"; };
		C8799F1024ED400900A4AA8C /* cats.app */ = {isa = PBXFileReference; explicitFileType = wrapper.application; includeInIndex = 0; path = cats.app; sourceTree = BUILT_PRODUCTS_DIR; };
		C8799F1324ED400900A4AA8C /* AppDelegate.swift */ = {isa = PBXFileReference; lastKnownFileType = sourcecode.swift; path = AppDelegate.swift; sourceTree = "<group>"; };
		C8799F1524ED400900A4AA8C /* SceneDelegate.swift */ = {isa = PBXFileReference; lastKnownFileType = sourcecode.swift; path = SceneDelegate.swift; sourceTree = "<group>"; };
		C8799F1724ED400900A4AA8C /* ContentView.swift */ = {isa = PBXFileReference; lastKnownFileType = sourcecode.swift; path = ContentView.swift; sourceTree = "<group>"; };
		C8799F1924ED400A00A4AA8C /* Assets.xcassets */ = {isa = PBXFileReference; lastKnownFileType = folder.assetcatalog; path = Assets.xcassets; sourceTree = "<group>"; };
		C8799F1C24ED400A00A4AA8C /* Preview Assets.xcassets */ = {isa = PBXFileReference; lastKnownFileType = folder.assetcatalog; path = "Preview Assets.xcassets"; sourceTree = "<group>"; };
		C8799F1F24ED400A00A4AA8C /* Base */ = {isa = PBXFileReference; lastKnownFileType = file.storyboard; name = Base; path = Base.lproj/LaunchScreen.storyboard; sourceTree = "<group>"; };
		C8799F2124ED400A00A4AA8C /* Info.plist */ = {isa = PBXFileReference; lastKnownFileType = text.plist.xml; path = Info.plist; sourceTree = "<group>"; };
		C8799F2624ED400A00A4AA8C /* catsTests.xctest */ = {isa = PBXFileReference; explicitFileType = wrapper.cfbundle; includeInIndex = 0; path = catsTests.xctest; sourceTree = BUILT_PRODUCTS_DIR; };
		C8799F2A24ED400A00A4AA8C /* catsTests.swift */ = {isa = PBXFileReference; lastKnownFileType = sourcecode.swift; path = catsTests.swift; sourceTree = "<group>"; };
		C8799F2C24ED400A00A4AA8C /* Info.plist */ = {isa = PBXFileReference; lastKnownFileType = text.plist.xml; path = Info.plist; sourceTree = "<group>"; };
		C8799F3124ED400A00A4AA8C /* catsUITests.xctest */ = {isa = PBXFileReference; explicitFileType = wrapper.cfbundle; includeInIndex = 0; path = catsUITests.xctest; sourceTree = BUILT_PRODUCTS_DIR; };
		C8799F3524ED400A00A4AA8C /* catsUITests.swift */ = {isa = PBXFileReference; lastKnownFileType = sourcecode.swift; path = catsUITests.swift; sourceTree = "<group>"; };
		C8799F3724ED400A00A4AA8C /* Info.plist */ = {isa = PBXFileReference; lastKnownFileType = text.plist.xml; path = Info.plist; sourceTree = "<group>"; };
		C8799F4424ED41A400A4AA8C /* Breed.swift */ = {isa = PBXFileReference; lastKnownFileType = sourcecode.swift; path = Breed.swift; sourceTree = "<group>"; };
		C8799F5724ED4E9C00A4AA8C /* keys.plist */ = {isa = PBXFileReference; lastKnownFileType = text.plist.xml; path = keys.plist; sourceTree = "<group>"; };
		C8799F5A24ED4F1C00A4AA8C /* ApiKeyService.swift */ = {isa = PBXFileReference; lastKnownFileType = sourcecode.swift; path = ApiKeyService.swift; sourceTree = "<group>"; };
		C8799F5D24ED509100A4AA8C /* BreedWebRepository.swift */ = {isa = PBXFileReference; lastKnownFileType = sourcecode.swift; path = BreedWebRepository.swift; sourceTree = "<group>"; };
		C8799F6024ED529600A4AA8C /* APICall.swift */ = {isa = PBXFileReference; lastKnownFileType = sourcecode.swift; path = APICall.swift; sourceTree = "<group>"; };
		C8799F6624ED5D6300A4AA8C /* BreedOverviewViewModel.swift */ = {isa = PBXFileReference; lastKnownFileType = sourcecode.swift; path = BreedOverviewViewModel.swift; sourceTree = "<group>"; };
		C8799F6924ED930E00A4AA8C /* BreedViewModel.swift */ = {isa = PBXFileReference; lastKnownFileType = sourcecode.swift; path = BreedViewModel.swift; sourceTree = "<group>"; };
		C8799F6C24ED992200A4AA8C /* BlurView.swift */ = {isa = PBXFileReference; lastKnownFileType = sourcecode.swift; path = BlurView.swift; sourceTree = "<group>"; };
		C8799F6E24ED99ED00A4AA8C /* CornerRadius.swift */ = {isa = PBXFileReference; lastKnownFileType = sourcecode.swift; path = CornerRadius.swift; sourceTree = "<group>"; };
		C8799F7024EDA16F00A4AA8C /* Color.xcassets */ = {isa = PBXFileReference; lastKnownFileType = folder.assetcatalog; path = Color.xcassets; sourceTree = "<group>"; };
		C8799F7224EDA27300A4AA8C /* ColorExtension.swift */ = {isa = PBXFileReference; lastKnownFileType = sourcecode.swift; path = ColorExtension.swift; sourceTree = "<group>"; };
/* End PBXFileReference section */

/* Begin PBXFrameworksBuildPhase section */
		C8799F0D24ED400900A4AA8C /* Frameworks */ = {
			isa = PBXFrameworksBuildPhase;
			buildActionMask = 2147483647;
			files = (
				C8171A5F24EEB218002020E4 /* SwiftlySearch in Frameworks */,
			);
			runOnlyForDeploymentPostprocessing = 0;
		};
		C8799F2324ED400A00A4AA8C /* Frameworks */ = {
			isa = PBXFrameworksBuildPhase;
			buildActionMask = 2147483647;
			files = (
			);
			runOnlyForDeploymentPostprocessing = 0;
		};
		C8799F2E24ED400A00A4AA8C /* Frameworks */ = {
			isa = PBXFrameworksBuildPhase;
			buildActionMask = 2147483647;
			files = (
			);
			runOnlyForDeploymentPostprocessing = 0;
		};
/* End PBXFrameworksBuildPhase section */

/* Begin PBXGroup section */
		C8171A6024EFB350002020E4 /* Filter */ = {
			isa = PBXGroup;
			children = (
				C8171A6724F527DC002020E4 /* View */,
				C8171A6624F527D7002020E4 /* ViewModel */,
				C8171A6524F527D1002020E4 /* Model */,
			);
			path = Filter;
			sourceTree = "<group>";
		};
		C8171A6524F527D1002020E4 /* Model */ = {
			isa = PBXGroup;
			children = (
				C8171A6824F527F3002020E4 /* TagItem.swift */,
				C8171A6A24F52831002020E4 /* TagHolder.swift */,
			);
			path = Model;
			sourceTree = "<group>";
		};
		C8171A6624F527D7002020E4 /* ViewModel */ = {
			isa = PBXGroup;
			children = (
				C8171A6C24F528CF002020E4 /* FilterViewModel.swift */,
			);
			path = ViewModel;
			sourceTree = "<group>";
		};
		C8171A6724F527DC002020E4 /* View */ = {
			isa = PBXGroup;
			children = (
				C8171A6124EFB366002020E4 /* FilterView.swift */,
			);
			path = View;
			sourceTree = "<group>";
		};
		C8799F0724ED400900A4AA8C = {
			isa = PBXGroup;
			children = (
				C8799F1224ED400900A4AA8C /* cats */,
				C8799F2924ED400A00A4AA8C /* catsTests */,
				C8799F3424ED400A00A4AA8C /* catsUITests */,
				C8799F1124ED400900A4AA8C /* Products */,
			);
			sourceTree = "<group>";
		};
		C8799F1124ED400900A4AA8C /* Products */ = {
			isa = PBXGroup;
			children = (
				C8799F1024ED400900A4AA8C /* cats.app */,
				C8799F2624ED400A00A4AA8C /* catsTests.xctest */,
				C8799F3124ED400A00A4AA8C /* catsUITests.xctest */,
			);
			name = Products;
			sourceTree = "<group>";
		};
		C8799F1224ED400900A4AA8C /* cats */ = {
			isa = PBXGroup;
			children = (
				C8171A6024EFB350002020E4 /* Filter */,
				C8799F6824ED926900A4AA8C /* Breed */,
				C8799F6524ED5D4800A4AA8C /* BreedOverview */,
				C8799F5C24ED507A00A4AA8C /* Repositories */,
				C8799F5924ED4EF000A4AA8C /* Utility */,
				C8799F5624ED4E8F00A4AA8C /* keys */,
				C8799F4324ED419600A4AA8C /* Model */,
				C8799F1324ED400900A4AA8C /* AppDelegate.swift */,
				C8799F1524ED400900A4AA8C /* SceneDelegate.swift */,
				C8799F1724ED400900A4AA8C /* ContentView.swift */,
				C8799F1924ED400A00A4AA8C /* Assets.xcassets */,
				C8799F1E24ED400A00A4AA8C /* LaunchScreen.storyboard */,
				C8799F2124ED400A00A4AA8C /* Info.plist */,
				C8799F1B24ED400A00A4AA8C /* Preview Content */,
			);
			path = cats;
			sourceTree = "<group>";
		};
		C8799F1B24ED400A00A4AA8C /* Preview Content */ = {
			isa = PBXGroup;
			children = (
				C8799F1C24ED400A00A4AA8C /* Preview Assets.xcassets */,
			);
			path = "Preview Content";
			sourceTree = "<group>";
		};
		C8799F2924ED400A00A4AA8C /* catsTests */ = {
			isa = PBXGroup;
			children = (
				C8799F2A24ED400A00A4AA8C /* catsTests.swift */,
				C8799F2C24ED400A00A4AA8C /* Info.plist */,
			);
			path = catsTests;
			sourceTree = "<group>";
		};
		C8799F3424ED400A00A4AA8C /* catsUITests */ = {
			isa = PBXGroup;
			children = (
				C8799F3524ED400A00A4AA8C /* catsUITests.swift */,
				C8799F3724ED400A00A4AA8C /* Info.plist */,
			);
			path = catsUITests;
			sourceTree = "<group>";
		};
		C8799F4324ED419600A4AA8C /* Model */ = {
			isa = PBXGroup;
			children = (
				C8799F4424ED41A400A4AA8C /* Breed.swift */,
			);
			path = Model;
			sourceTree = "<group>";
		};
		C8799F5624ED4E8F00A4AA8C /* keys */ = {
			isa = PBXGroup;
			children = (
				C8799F5724ED4E9C00A4AA8C /* keys.plist */,
			);
			path = keys;
			sourceTree = "<group>";
		};
		C8799F5924ED4EF000A4AA8C /* Utility */ = {
			isa = PBXGroup;
			children = (
				C8799F6B24ED991300A4AA8C /* UI */,
				C8799F5F24ED528800A4AA8C /* Api */,
			);
			path = Utility;
			sourceTree = "<group>";
		};
		C8799F5C24ED507A00A4AA8C /* Repositories */ = {
			isa = PBXGroup;
			children = (
				C8799F5D24ED509100A4AA8C /* BreedWebRepository.swift */,
			);
			path = Repositories;
			sourceTree = "<group>";
		};
		C8799F5F24ED528800A4AA8C /* Api */ = {
			isa = PBXGroup;
			children = (
				C8799F5A24ED4F1C00A4AA8C /* ApiKeyService.swift */,
				C8799F6024ED529600A4AA8C /* APICall.swift */,
			);
			path = Api;
			sourceTree = "<group>";
		};
		C8799F6524ED5D4800A4AA8C /* BreedOverview */ = {
			isa = PBXGroup;
			children = (
				C8799F6624ED5D6300A4AA8C /* BreedOverviewViewModel.swift */,
			);
			path = BreedOverview;
			sourceTree = "<group>";
		};
		C8799F6824ED926900A4AA8C /* Breed */ = {
			isa = PBXGroup;
			children = (
				C8799F6924ED930E00A4AA8C /* BreedViewModel.swift */,
			);
			path = Breed;
			sourceTree = "<group>";
		};
		C8799F6B24ED991300A4AA8C /* UI */ = {
			isa = PBXGroup;
			children = (
				C8799F6C24ED992200A4AA8C /* BlurView.swift */,
				C8799F6E24ED99ED00A4AA8C /* CornerRadius.swift */,
				C8799F7024EDA16F00A4AA8C /* Color.xcassets */,
				C8799F7224EDA27300A4AA8C /* ColorExtension.swift */,
				C8171A6324EFB9C7002020E4 /* TagCloud.swift */,
			);
			path = UI;
			sourceTree = "<group>";
		};
/* End PBXGroup section */

/* Begin PBXNativeTarget section */
		C8799F0F24ED400900A4AA8C /* cats */ = {
			isa = PBXNativeTarget;
			buildConfigurationList = C8799F3A24ED400A00A4AA8C /* Build configuration list for PBXNativeTarget "cats" */;
			buildPhases = (
				C8799F0C24ED400900A4AA8C /* Sources */,
				C8799F0D24ED400900A4AA8C /* Frameworks */,
				C8799F0E24ED400900A4AA8C /* Resources */,
			);
			buildRules = (
			);
			dependencies = (
			);
			name = cats;
			packageProductDependencies = (
				C8171A5E24EEB218002020E4 /* SwiftlySearch */,
			);
			productName = cats;
			productReference = C8799F1024ED400900A4AA8C /* cats.app */;
			productType = "com.apple.product-type.application";
		};
		C8799F2524ED400A00A4AA8C /* catsTests */ = {
			isa = PBXNativeTarget;
			buildConfigurationList = C8799F3D24ED400A00A4AA8C /* Build configuration list for PBXNativeTarget "catsTests" */;
			buildPhases = (
				C8799F2224ED400A00A4AA8C /* Sources */,
				C8799F2324ED400A00A4AA8C /* Frameworks */,
				C8799F2424ED400A00A4AA8C /* Resources */,
			);
			buildRules = (
			);
			dependencies = (
				C8799F2824ED400A00A4AA8C /* PBXTargetDependency */,
			);
			name = catsTests;
			productName = catsTests;
			productReference = C8799F2624ED400A00A4AA8C /* catsTests.xctest */;
			productType = "com.apple.product-type.bundle.unit-test";
		};
		C8799F3024ED400A00A4AA8C /* catsUITests */ = {
			isa = PBXNativeTarget;
			buildConfigurationList = C8799F4024ED400A00A4AA8C /* Build configuration list for PBXNativeTarget "catsUITests" */;
			buildPhases = (
				C8799F2D24ED400A00A4AA8C /* Sources */,
				C8799F2E24ED400A00A4AA8C /* Frameworks */,
				C8799F2F24ED400A00A4AA8C /* Resources */,
			);
			buildRules = (
			);
			dependencies = (
				C8799F3324ED400A00A4AA8C /* PBXTargetDependency */,
			);
			name = catsUITests;
			productName = catsUITests;
			productReference = C8799F3124ED400A00A4AA8C /* catsUITests.xctest */;
			productType = "com.apple.product-type.bundle.ui-testing";
		};
/* End PBXNativeTarget section */

/* Begin PBXProject section */
		C8799F0824ED400900A4AA8C /* Project object */ = {
			isa = PBXProject;
			attributes = {
				LastSwiftUpdateCheck = 1120;
				LastUpgradeCheck = 1120;
				ORGANIZATIONNAME = "Kim Egenvall";
				TargetAttributes = {
					C8799F0F24ED400900A4AA8C = {
						CreatedOnToolsVersion = 11.2.1;
					};
					C8799F2524ED400A00A4AA8C = {
						CreatedOnToolsVersion = 11.2.1;
						TestTargetID = C8799F0F24ED400900A4AA8C;
					};
					C8799F3024ED400A00A4AA8C = {
						CreatedOnToolsVersion = 11.2.1;
						TestTargetID = C8799F0F24ED400900A4AA8C;
					};
				};
			};
			buildConfigurationList = C8799F0B24ED400900A4AA8C /* Build configuration list for PBXProject "cats" */;
			compatibilityVersion = "Xcode 9.3";
			developmentRegion = en;
			hasScannedForEncodings = 0;
			knownRegions = (
				en,
				Base,
			);
			mainGroup = C8799F0724ED400900A4AA8C;
			packageReferences = (
				C8171A5D24EEB218002020E4 /* XCRemoteSwiftPackageReference "SwiftlySearch" */,
			);
			productRefGroup = C8799F1124ED400900A4AA8C /* Products */;
			projectDirPath = "";
			projectRoot = "";
			targets = (
				C8799F0F24ED400900A4AA8C /* cats */,
				C8799F2524ED400A00A4AA8C /* catsTests */,
				C8799F3024ED400A00A4AA8C /* catsUITests */,
			);
		};
/* End PBXProject section */

/* Begin PBXResourcesBuildPhase section */
		C8799F0E24ED400900A4AA8C /* Resources */ = {
			isa = PBXResourcesBuildPhase;
			buildActionMask = 2147483647;
			files = (
				C8799F5824ED4E9C00A4AA8C /* keys.plist in Resources */,
				C8799F2024ED400A00A4AA8C /* LaunchScreen.storyboard in Resources */,
				C8799F7124EDA16F00A4AA8C /* Color.xcassets in Resources */,
				C8799F1D24ED400A00A4AA8C /* Preview Assets.xcassets in Resources */,
				C8799F1A24ED400A00A4AA8C /* Assets.xcassets in Resources */,
			);
			runOnlyForDeploymentPostprocessing = 0;
		};
		C8799F2424ED400A00A4AA8C /* Resources */ = {
			isa = PBXResourcesBuildPhase;
			buildActionMask = 2147483647;
			files = (
			);
			runOnlyForDeploymentPostprocessing = 0;
		};
		C8799F2F24ED400A00A4AA8C /* Resources */ = {
			isa = PBXResourcesBuildPhase;
			buildActionMask = 2147483647;
			files = (
			);
			runOnlyForDeploymentPostprocessing = 0;
		};
/* End PBXResourcesBuildPhase section */

/* Begin PBXSourcesBuildPhase section */
		C8799F0C24ED400900A4AA8C /* Sources */ = {
			isa = PBXSourcesBuildPhase;
			buildActionMask = 2147483647;
			files = (
				C8171A6D24F528CF002020E4 /* FilterViewModel.swift in Sources */,
				C8171A6224EFB366002020E4 /* FilterView.swift in Sources */,
				C8799F4524ED41A400A4AA8C /* Breed.swift in Sources */,
				C8799F1424ED400900A4AA8C /* AppDelegate.swift in Sources */,
				C8799F1624ED400900A4AA8C /* SceneDelegate.swift in Sources */,
				C8171A6B24F52831002020E4 /* TagHolder.swift in Sources */,
				C8799F7324EDA27300A4AA8C /* ColorExtension.swift in Sources */,
				C8799F5B24ED4F1C00A4AA8C /* ApiKeyService.swift in Sources */,
				C8171A6424EFB9C7002020E4 /* TagCloud.swift in Sources */,
				C8799F6A24ED930E00A4AA8C /* BreedViewModel.swift in Sources */,
				C8171A6924F527F3002020E4 /* TagItem.swift in Sources */,
				C8799F6724ED5D6300A4AA8C /* BreedOverviewViewModel.swift in Sources */,
				C8799F6F24ED99ED00A4AA8C /* CornerRadius.swift in Sources */,
				C8799F1824ED400900A4AA8C /* ContentView.swift in Sources */,
				C8799F6D24ED992200A4AA8C /* BlurView.swift in Sources */,
				C8799F6124ED529600A4AA8C /* APICall.swift in Sources */,
				C8799F5E24ED509100A4AA8C /* BreedWebRepository.swift in Sources */,
			);
			runOnlyForDeploymentPostprocessing = 0;
		};
		C8799F2224ED400A00A4AA8C /* Sources */ = {
			isa = PBXSourcesBuildPhase;
			buildActionMask = 2147483647;
			files = (
				C8799F2B24ED400A00A4AA8C /* catsTests.swift in Sources */,
			);
			runOnlyForDeploymentPostprocessing = 0;
		};
		C8799F2D24ED400A00A4AA8C /* Sources */ = {
			isa = PBXSourcesBuildPhase;
			buildActionMask = 2147483647;
			files = (
				C8799F3624ED400A00A4AA8C /* catsUITests.swift in Sources */,
			);
			runOnlyForDeploymentPostprocessing = 0;
		};
/* End PBXSourcesBuildPhase section */

/* Begin PBXTargetDependency section */
		C8799F2824ED400A00A4AA8C /* PBXTargetDependency */ = {
			isa = PBXTargetDependency;
			target = C8799F0F24ED400900A4AA8C /* cats */;
			targetProxy = C8799F2724ED400A00A4AA8C /* PBXContainerItemProxy */;
		};
		C8799F3324ED400A00A4AA8C /* PBXTargetDependency */ = {
			isa = PBXTargetDependency;
			target = C8799F0F24ED400900A4AA8C /* cats */;
			targetProxy = C8799F3224ED400A00A4AA8C /* PBXContainerItemProxy */;
		};
/* End PBXTargetDependency section */

/* Begin PBXVariantGroup section */
		C8799F1E24ED400A00A4AA8C /* LaunchScreen.storyboard */ = {
			isa = PBXVariantGroup;
			children = (
				C8799F1F24ED400A00A4AA8C /* Base */,
			);
			name = LaunchScreen.storyboard;
			sourceTree = "<group>";
		};
/* End PBXVariantGroup section */

/* Begin XCBuildConfiguration section */
		C8799F3824ED400A00A4AA8C /* Debug */ = {
			isa = XCBuildConfiguration;
			buildSettings = {
				ALWAYS_SEARCH_USER_PATHS = NO;
				CLANG_ANALYZER_NONNULL = YES;
				CLANG_ANALYZER_NUMBER_OBJECT_CONVERSION = YES_AGGRESSIVE;
				CLANG_CXX_LANGUAGE_STANDARD = "gnu++14";
				CLANG_CXX_LIBRARY = "libc++";
				CLANG_ENABLE_MODULES = YES;
				CLANG_ENABLE_OBJC_ARC = YES;
				CLANG_ENABLE_OBJC_WEAK = YES;
				CLANG_WARN_BLOCK_CAPTURE_AUTORELEASING = YES;
				CLANG_WARN_BOOL_CONVERSION = YES;
				CLANG_WARN_COMMA = YES;
				CLANG_WARN_CONSTANT_CONVERSION = YES;
				CLANG_WARN_DEPRECATED_OBJC_IMPLEMENTATIONS = YES;
				CLANG_WARN_DIRECT_OBJC_ISA_USAGE = YES_ERROR;
				CLANG_WARN_DOCUMENTATION_COMMENTS = YES;
				CLANG_WARN_EMPTY_BODY = YES;
				CLANG_WARN_ENUM_CONVERSION = YES;
				CLANG_WARN_INFINITE_RECURSION = YES;
				CLANG_WARN_INT_CONVERSION = YES;
				CLANG_WARN_NON_LITERAL_NULL_CONVERSION = YES;
				CLANG_WARN_OBJC_IMPLICIT_RETAIN_SELF = YES;
				CLANG_WARN_OBJC_LITERAL_CONVERSION = YES;
				CLANG_WARN_OBJC_ROOT_CLASS = YES_ERROR;
				CLANG_WARN_RANGE_LOOP_ANALYSIS = YES;
				CLANG_WARN_STRICT_PROTOTYPES = YES;
				CLANG_WARN_SUSPICIOUS_MOVE = YES;
				CLANG_WARN_UNGUARDED_AVAILABILITY = YES_AGGRESSIVE;
				CLANG_WARN_UNREACHABLE_CODE = YES;
				CLANG_WARN__DUPLICATE_METHOD_MATCH = YES;
				COPY_PHASE_STRIP = NO;
				DEBUG_INFORMATION_FORMAT = dwarf;
				ENABLE_STRICT_OBJC_MSGSEND = YES;
				ENABLE_TESTABILITY = YES;
				GCC_C_LANGUAGE_STANDARD = gnu11;
				GCC_DYNAMIC_NO_PIC = NO;
				GCC_NO_COMMON_BLOCKS = YES;
				GCC_OPTIMIZATION_LEVEL = 0;
				GCC_PREPROCESSOR_DEFINITIONS = (
					"DEBUG=1",
					"$(inherited)",
				);
				GCC_WARN_64_TO_32_BIT_CONVERSION = YES;
				GCC_WARN_ABOUT_RETURN_TYPE = YES_ERROR;
				GCC_WARN_UNDECLARED_SELECTOR = YES;
				GCC_WARN_UNINITIALIZED_AUTOS = YES_AGGRESSIVE;
				GCC_WARN_UNUSED_FUNCTION = YES;
				GCC_WARN_UNUSED_VARIABLE = YES;
				IPHONEOS_DEPLOYMENT_TARGET = 14.0;
				MTL_ENABLE_DEBUG_INFO = INCLUDE_SOURCE;
				MTL_FAST_MATH = YES;
				ONLY_ACTIVE_ARCH = YES;
				SDKROOT = iphoneos;
				SWIFT_ACTIVE_COMPILATION_CONDITIONS = DEBUG;
				SWIFT_OPTIMIZATION_LEVEL = "-Onone";
			};
			name = Debug;
		};
		C8799F3924ED400A00A4AA8C /* Release */ = {
			isa = XCBuildConfiguration;
			buildSettings = {
				ALWAYS_SEARCH_USER_PATHS = NO;
				CLANG_ANALYZER_NONNULL = YES;
				CLANG_ANALYZER_NUMBER_OBJECT_CONVERSION = YES_AGGRESSIVE;
				CLANG_CXX_LANGUAGE_STANDARD = "gnu++14";
				CLANG_CXX_LIBRARY = "libc++";
				CLANG_ENABLE_MODULES = YES;
				CLANG_ENABLE_OBJC_ARC = YES;
				CLANG_ENABLE_OBJC_WEAK = YES;
				CLANG_WARN_BLOCK_CAPTURE_AUTORELEASING = YES;
				CLANG_WARN_BOOL_CONVERSION = YES;
				CLANG_WARN_COMMA = YES;
				CLANG_WARN_CONSTANT_CONVERSION = YES;
				CLANG_WARN_DEPRECATED_OBJC_IMPLEMENTATIONS = YES;
				CLANG_WARN_DIRECT_OBJC_ISA_USAGE = YES_ERROR;
				CLANG_WARN_DOCUMENTATION_COMMENTS = YES;
				CLANG_WARN_EMPTY_BODY = YES;
				CLANG_WARN_ENUM_CONVERSION = YES;
				CLANG_WARN_INFINITE_RECURSION = YES;
				CLANG_WARN_INT_CONVERSION = YES;
				CLANG_WARN_NON_LITERAL_NULL_CONVERSION = YES;
				CLANG_WARN_OBJC_IMPLICIT_RETAIN_SELF = YES;
				CLANG_WARN_OBJC_LITERAL_CONVERSION = YES;
				CLANG_WARN_OBJC_ROOT_CLASS = YES_ERROR;
				CLANG_WARN_RANGE_LOOP_ANALYSIS = YES;
				CLANG_WARN_STRICT_PROTOTYPES = YES;
				CLANG_WARN_SUSPICIOUS_MOVE = YES;
				CLANG_WARN_UNGUARDED_AVAILABILITY = YES_AGGRESSIVE;
				CLANG_WARN_UNREACHABLE_CODE = YES;
				CLANG_WARN__DUPLICATE_METHOD_MATCH = YES;
				COPY_PHASE_STRIP = NO;
				DEBUG_INFORMATION_FORMAT = "dwarf-with-dsym";
				ENABLE_NS_ASSERTIONS = NO;
				ENABLE_STRICT_OBJC_MSGSEND = YES;
				GCC_C_LANGUAGE_STANDARD = gnu11;
				GCC_NO_COMMON_BLOCKS = YES;
				GCC_WARN_64_TO_32_BIT_CONVERSION = YES;
				GCC_WARN_ABOUT_RETURN_TYPE = YES_ERROR;
				GCC_WARN_UNDECLARED_SELECTOR = YES;
				GCC_WARN_UNINITIALIZED_AUTOS = YES_AGGRESSIVE;
				GCC_WARN_UNUSED_FUNCTION = YES;
				GCC_WARN_UNUSED_VARIABLE = YES;
				IPHONEOS_DEPLOYMENT_TARGET = 14.0;
				MTL_ENABLE_DEBUG_INFO = NO;
				MTL_FAST_MATH = YES;
				SDKROOT = iphoneos;
				SWIFT_COMPILATION_MODE = wholemodule;
				SWIFT_OPTIMIZATION_LEVEL = "-O";
				VALIDATE_PRODUCT = YES;
			};
			name = Release;
		};
		C8799F3B24ED400A00A4AA8C /* Debug */ = {
			isa = XCBuildConfiguration;
			buildSettings = {
				ASSETCATALOG_COMPILER_APPICON_NAME = AppIcon;
				CODE_SIGN_STYLE = Automatic;
				DEVELOPMENT_ASSET_PATHS = "\"cats/Preview Content\"";
				DEVELOPMENT_TEAM = F59U36GL6B;
				ENABLE_PREVIEWS = YES;
				INFOPLIST_FILE = cats/Info.plist;
				IPHONEOS_DEPLOYMENT_TARGET = 14.0;
				LD_RUNPATH_SEARCH_PATHS = (
					"$(inherited)",
					"@executable_path/Frameworks",
				);
				PRODUCT_BUNDLE_IDENTIFIER = kw.cats;
				PRODUCT_NAME = "$(TARGET_NAME)";
				SWIFT_VERSION = 5.0;
				TARGETED_DEVICE_FAMILY = "1,2";
			};
			name = Debug;
		};
		C8799F3C24ED400A00A4AA8C /* Release */ = {
			isa = XCBuildConfiguration;
			buildSettings = {
				ASSETCATALOG_COMPILER_APPICON_NAME = AppIcon;
				CODE_SIGN_STYLE = Automatic;
				DEVELOPMENT_ASSET_PATHS = "\"cats/Preview Content\"";
				DEVELOPMENT_TEAM = F59U36GL6B;
				ENABLE_PREVIEWS = YES;
				INFOPLIST_FILE = cats/Info.plist;
				IPHONEOS_DEPLOYMENT_TARGET = 14.0;
				LD_RUNPATH_SEARCH_PATHS = (
					"$(inherited)",
					"@executable_path/Frameworks",
				);
				PRODUCT_BUNDLE_IDENTIFIER = kw.cats;
				PRODUCT_NAME = "$(TARGET_NAME)";
				SWIFT_VERSION = 5.0;
				TARGETED_DEVICE_FAMILY = "1,2";
			};
			name = Release;
		};
		C8799F3E24ED400A00A4AA8C /* Debug */ = {
			isa = XCBuildConfiguration;
			buildSettings = {
				ALWAYS_EMBED_SWIFT_STANDARD_LIBRARIES = YES;
				BUNDLE_LOADER = "$(TEST_HOST)";
				CODE_SIGN_STYLE = Automatic;
				DEVELOPMENT_TEAM = F59U36GL6B;
				INFOPLIST_FILE = catsTests/Info.plist;
				IPHONEOS_DEPLOYMENT_TARGET = 13.2;
				LD_RUNPATH_SEARCH_PATHS = (
					"$(inherited)",
					"@executable_path/Frameworks",
					"@loader_path/Frameworks",
				);
				PRODUCT_BUNDLE_IDENTIFIER = kw.catsTests;
				PRODUCT_NAME = "$(TARGET_NAME)";
				SWIFT_VERSION = 5.0;
				TARGETED_DEVICE_FAMILY = "1,2";
				TEST_HOST = "$(BUILT_PRODUCTS_DIR)/cats.app/cats";
			};
			name = Debug;
		};
		C8799F3F24ED400A00A4AA8C /* Release */ = {
			isa = XCBuildConfiguration;
			buildSettings = {
				ALWAYS_EMBED_SWIFT_STANDARD_LIBRARIES = YES;
				BUNDLE_LOADER = "$(TEST_HOST)";
				CODE_SIGN_STYLE = Automatic;
				DEVELOPMENT_TEAM = F59U36GL6B;
				INFOPLIST_FILE = catsTests/Info.plist;
				IPHONEOS_DEPLOYMENT_TARGET = 13.2;
				LD_RUNPATH_SEARCH_PATHS = (
					"$(inherited)",
					"@executable_path/Frameworks",
					"@loader_path/Frameworks",
				);
				PRODUCT_BUNDLE_IDENTIFIER = kw.catsTests;
				PRODUCT_NAME = "$(TARGET_NAME)";
				SWIFT_VERSION = 5.0;
				TARGETED_DEVICE_FAMILY = "1,2";
				TEST_HOST = "$(BUILT_PRODUCTS_DIR)/cats.app/cats";
			};
			name = Release;
		};
		C8799F4124ED400A00A4AA8C /* Debug */ = {
			isa = XCBuildConfiguration;
			buildSettings = {
				ALWAYS_EMBED_SWIFT_STANDARD_LIBRARIES = YES;
				CODE_SIGN_STYLE = Automatic;
				DEVELOPMENT_TEAM = F59U36GL6B;
				INFOPLIST_FILE = catsUITests/Info.plist;
				LD_RUNPATH_SEARCH_PATHS = (
					"$(inherited)",
					"@executable_path/Frameworks",
					"@loader_path/Frameworks",
				);
				PRODUCT_BUNDLE_IDENTIFIER = kw.catsUITests;
				PRODUCT_NAME = "$(TARGET_NAME)";
				SWIFT_VERSION = 5.0;
				TARGETED_DEVICE_FAMILY = "1,2";
				TEST_TARGET_NAME = cats;
			};
			name = Debug;
		};
		C8799F4224ED400A00A4AA8C /* Release */ = {
			isa = XCBuildConfiguration;
			buildSettings = {
				ALWAYS_EMBED_SWIFT_STANDARD_LIBRARIES = YES;
				CODE_SIGN_STYLE = Automatic;
				DEVELOPMENT_TEAM = F59U36GL6B;
				INFOPLIST_FILE = catsUITests/Info.plist;
				LD_RUNPATH_SEARCH_PATHS = (
					"$(inherited)",
					"@executable_path/Frameworks",
					"@loader_path/Frameworks",
				);
				PRODUCT_BUNDLE_IDENTIFIER = kw.catsUITests;
				PRODUCT_NAME = "$(TARGET_NAME)";
				SWIFT_VERSION = 5.0;
				TARGETED_DEVICE_FAMILY = "1,2";
				TEST_TARGET_NAME = cats;
			};
			name = Release;
		};
/* End XCBuildConfiguration section */

/* Begin XCConfigurationList section */
		C8799F0B24ED400900A4AA8C /* Build configuration list for PBXProject "cats" */ = {
			isa = XCConfigurationList;
			buildConfigurations = (
				C8799F3824ED400A00A4AA8C /* Debug */,
				C8799F3924ED400A00A4AA8C /* Release */,
			);
			defaultConfigurationIsVisible = 0;
			defaultConfigurationName = Release;
		};
		C8799F3A24ED400A00A4AA8C /* Build configuration list for PBXNativeTarget "cats" */ = {
			isa = XCConfigurationList;
			buildConfigurations = (
				C8799F3B24ED400A00A4AA8C /* Debug */,
				C8799F3C24ED400A00A4AA8C /* Release */,
			);
			defaultConfigurationIsVisible = 0;
			defaultConfigurationName = Release;
		};
		C8799F3D24ED400A00A4AA8C /* Build configuration list for PBXNativeTarget "catsTests" */ = {
			isa = XCConfigurationList;
			buildConfigurations = (
				C8799F3E24ED400A00A4AA8C /* Debug */,
				C8799F3F24ED400A00A4AA8C /* Release */,
			);
			defaultConfigurationIsVisible = 0;
			defaultConfigurationName = Release;
		};
		C8799F4024ED400A00A4AA8C /* Build configuration list for PBXNativeTarget "catsUITests" */ = {
			isa = XCConfigurationList;
			buildConfigurations = (
				C8799F4124ED400A00A4AA8C /* Debug */,
				C8799F4224ED400A00A4AA8C /* Release */,
			);
			defaultConfigurationIsVisible = 0;
			defaultConfigurationName = Release;
		};
/* End XCConfigurationList section */

/* Begin XCRemoteSwiftPackageReference section */
		C8171A5D24EEB218002020E4 /* XCRemoteSwiftPackageReference "SwiftlySearch" */ = {
			isa = XCRemoteSwiftPackageReference;
			repositoryURL = "https://github.com/thislooksfun/SwiftlySearch";
			requirement = {
				branch = master;
				kind = branch;
			};
		};
/* End XCRemoteSwiftPackageReference section */

/* Begin XCSwiftPackageProductDependency section */
		C8171A5E24EEB218002020E4 /* SwiftlySearch */ = {
			isa = XCSwiftPackageProductDependency;
			package = C8171A5D24EEB218002020E4 /* XCRemoteSwiftPackageReference "SwiftlySearch" */;
			productName = SwiftlySearch;
		};
/* End XCSwiftPackageProductDependency section */
	};
	rootObject = C8799F0824ED400900A4AA8C /* Project object */;
}
